
Microsoft Visual Studio Solution File, Format Version 12.00
# Visual Studio Version 16
VisualStudioVersion = 16.0.32802.440
MinimumVisualStudioVersion = 10.0.40219.1
Project("{FAE04EC0-301F-11D3-BF4B-00C04F79EFBC}") = "ASPNETCoreApplication", "ASPNETCoreApplication\ASPNETCoreApplication.csproj", "{9A920FA9-8192-4D36-BB8B-40394CEDD850}"
EndProject
Global
	GlobalSection(SolutionConfigurationPlatforms) = preSolution
		Debug|Any CPU = Debug|Any CPU
		Release|Any CPU = Release|Any CPU
	EndGlobalSection
	GlobalSection(ProjectConfigurationPlatforms) = postSolution
		{9A920FA9-8192-4D36-BB8B-40394CEDD850}.Debug|Any CPU.ActiveCfg = Debug|Any CPU
		{9A920FA9-8192-4D36-BB8B-40394CEDD850}.Debug|Any CPU.Build.0 = Debug|Any CPU
		{9A920FA9-8192-4D36-BB8B-40394CEDD850}.Release|Any CPU.ActiveCfg = Release|Any CPU
		{9A920FA9-8192-4D36-BB8B-40394CEDD850}.Release|Any CPU.Build.0 = Release|Any CPU
	EndGlobalSection
	GlobalSection(SolutionProperties) = preSolution
		HideSolutionNode = FALSE
	EndGlobalSection
	GlobalSection(ExtensibilityGlobals) = postSolution
		SolutionGuid = {A901FA04-6680-4362-B4E7-122890CE4211}
	EndGlobalSection
EndGlobal
